{
  "requires": true,
  "lockfileVersion": 1,
  "dependencies": {
    "sweetalert2": {
      "version": "11.3.5",
      "resolved": "https://registry.npmjs.org/sweetalert2/-/sweetalert2-11.3.5.tgz",
      "integrity": "sha512-0NlqxsMvoTpVrLD9bQN/aN2JleuaXLLiBDvG/kYWHzjeOmDp8Yn7AEOcUnyCHDf9jT7w7BeziSX8mnijg0mDJw=="
    },
    "vue-sweetalert2": {
      "version": "5.0.2",
      "resolved": "https://registry.npmjs.org/vue-sweetalert2/-/vue-sweetalert2-5.0.2.tgz",
      "integrity": "sha512-28pcpmvaFxwoXIUkOWwhZhmsV749jXxha8JicwPoSKyFKR5FhIaZU6UHO5WlUCLIVUI6sAWY6WngK2x/iXYwZg==",
      "requires": {
        "sweetalert2": "11.x"
      }
    }
  }
}
